
Microsoft Visual Studio Solution File, Format Version 12.00
# Visual Studio Version 16
VisualStudioVersion = 16.0.29911.84
MinimumVisualStudioVersion = 10.0.40219.1
Project("{FAE04EC0-301F-11D3-BF4B-00C04F79EFBC}") = "GameBarBrowser", "GameBarBrowser\GameBarBrowser.csproj", "{0FF5C1AB-7108-40B9-9729-350A717A21C5}"
EndProject
Project("{FAE04EC0-301F-11D3-BF4B-00C04F79EFBC}") = "GameBarBrowser2", "GameBarBrowser2\GameBarBrowser2.csproj", "{B1A55717-6739-4AF7-9907-8AFAB365F9F3}"
EndProject
Global
	GlobalSection(SolutionConfigurationPlatforms) = preSolution
		Debug|ARM = Debug|ARM
		Debug|ARM64 = Debug|ARM64
		Debug|x64 = Debug|x64
		Debug|x86 = Debug|x86
		Release|ARM = Release|ARM
		Release|ARM64 = Release|ARM64
		Release|x64 = Release|x64
		Release|x86 = Release|x86
	EndGlobalSection
	GlobalSection(ProjectConfigurationPlatforms) = postSolution
		{0FF5C1AB-7108-40B9-9729-350A717A21C5}.Debug|ARM.ActiveCfg = Debug|ARM
		{0FF5C1AB-7108-40B9-9729-350A717A21C5}.Debug|ARM.Build.0 = Debug|ARM
		{0FF5C1AB-7108-40B9-9729-350A717A21C5}.Debug|ARM.Deploy.0 = Debug|ARM
		{0FF5C1AB-7108-40B9-9729-350A717A21C5}.Debug|ARM64.ActiveCfg = Debug|ARM64
		{0FF5C1AB-7108-40B9-9729-350A717A21C5}.Debug|ARM64.Build.0 = Debug|ARM64
		{0FF5C1AB-7108-40B9-9729-350A717A21C5}.Debug|ARM64.Deploy.0 = Debug|ARM64
		{0FF5C1AB-7108-40B9-9729-350A717A21C5}.Debug|x64.ActiveCfg = Debug|x64
		{0FF5C1AB-7108-40B9-9729-350A717A21C5}.Debug|x64.Build.0 = Debug|x64
		{0FF5C1AB-7108-40B9-9729-350A717A21C5}.Debug|x64.Deploy.0 = Debug|x64
		{0FF5C1AB-7108-40B9-9729-350A717A21C5}.Debug|x86.ActiveCfg = Debug|x86
		{0FF5C1AB-7108-40B9-9729-350A717A21C5}.Debug|x86.Build.0 = Debug|x86
		{0FF5C1AB-7108-40B9-9729-350A717A21C5}.Debug|x86.Deploy.0 = Debug|x86
		{0FF5C1AB-7108-40B9-9729-350A717A21C5}.Release|ARM.ActiveCfg = Release|ARM
		{0FF5C1AB-7108-40B9-9729-350A717A21C5}.Release|ARM.Build.0 = Release|ARM
		{0FF5C1AB-7108-40B9-9729-350A717A21C5}.Release|ARM.Deploy.0 = Release|ARM
		{0FF5C1AB-7108-40B9-9729-350A717A21C5}.Release|ARM64.ActiveCfg = Release|ARM64
		{0FF5C1AB-7108-40B9-9729-350A717A21C5}.Release|ARM64.Build.0 = Release|ARM64
		{0FF5C1AB-7108-40B9-9729-350A717A21C5}.Release|ARM64.Deploy.0 = Release|ARM64
		{0FF5C1AB-7108-40B9-9729-350A717A21C5}.Release|x64.ActiveCfg = Release|x64
		{0FF5C1AB-7108-40B9-9729-350A717A21C5}.Release|x64.Build.0 = Release|x64
		{0FF5C1AB-7108-40B9-9729-350A717A21C5}.Release|x64.Deploy.0 = Release|x64
		{0FF5C1AB-7108-40B9-9729-350A717A21C5}.Release|x86.ActiveCfg = Release|x86
		{0FF5C1AB-7108-40B9-9729-350A717A21C5}.Release|x86.Build.0 = Release|x86
		{0FF5C1AB-7108-40B9-9729-350A717A21C5}.Release|x86.Deploy.0 = Release|x86
		{B1A55717-6739-4AF7-9907-8AFAB365F9F3}.Debug|ARM.ActiveCfg = Debug|ARM
		{B1A55717-6739-4AF7-9907-8AFAB365F9F3}.Debug|ARM.Build.0 = Debug|ARM
		{B1A55717-6739-4AF7-9907-8AFAB365F9F3}.Debug|ARM.Deploy.0 = Debug|ARM
		{B1A55717-6739-4AF7-9907-8AFAB365F9F3}.Debug|ARM64.ActiveCfg = Debug|ARM64
		{B1A55717-6739-4AF7-9907-8AFAB365F9F3}.Debug|ARM64.Build.0 = Debug|ARM64
		{B1A55717-6739-4AF7-9907-8AFAB365F9F3}.Debug|ARM64.Deploy.0 = Debug|ARM64
		{B1A55717-6739-4AF7-9907-8AFAB365F9F3}.Debug|x64.ActiveCfg = Debug|x64
		{B1A55717-6739-4AF7-9907-8AFAB365F9F3}.Debug|x64.Build.0 = Debug|x64
		{B1A55717-6739-4AF7-9907-8AFAB365F9F3}.Debug|x64.Deploy.0 = Debug|x64
		{B1A55717-6739-4AF7-9907-8AFAB365F9F3}.Debug|x86.ActiveCfg = Debug|x86
		{B1A55717-6739-4AF7-9907-8AFAB365F9F3}.Debug|x86.Build.0 = Debug|x86
		{B1A55717-6739-4AF7-9907-8AFAB365F9F3}.Debug|x86.Deploy.0 = Debug|x86
		{B1A55717-6739-4AF7-9907-8AFAB365F9F3}.Release|ARM.ActiveCfg = Release|ARM
		{B1A55717-6739-4AF7-9907-8AFAB365F9F3}.Release|ARM.Build.0 = Release|ARM
		{B1A55717-6739-4AF7-9907-8AFAB365F9F3}.Release|ARM.Deploy.0 = Release|ARM
		{B1A55717-6739-4AF7-9907-8AFAB365F9F3}.Release|ARM64.ActiveCfg = Release|ARM64
		{B1A55717-6739-4AF7-9907-8AFAB365F9F3}.Release|ARM64.Build.0 = Release|ARM64
		{B1A55717-6739-4AF7-9907-8AFAB365F9F3}.Release|ARM64.Deploy.0 = Release|ARM64
		{B1A55717-6739-4AF7-9907-8AFAB365F9F3}.Release|x64.ActiveCfg = Release|x64
		{B1A55717-6739-4AF7-9907-8AFAB365F9F3}.Release|x64.Build.0 = Release|x64
		{B1A55717-6739-4AF7-9907-8AFAB365F9F3}.Release|x64.Deploy.0 = Release|x64
		{B1A55717-6739-4AF7-9907-8AFAB365F9F3}.Release|x86.ActiveCfg = Release|x86
		{B1A55717-6739-4AF7-9907-8AFAB365F9F3}.Release|x86.Build.0 = Release|x86
		{B1A55717-6739-4AF7-9907-8AFAB365F9F3}.Release|x86.Deploy.0 = Release|x86
	EndGlobalSection
	GlobalSection(SolutionProperties) = preSolution
		HideSolutionNode = FALSE
	EndGlobalSection
	GlobalSection(ExtensibilityGlobals) = postSolution
		SolutionGuid = {A5F5214C-39C1-48D9-8B62-3D3287EC10A7}
	EndGlobalSection
EndGlobal
